
Microsoft Visual Studio Solution File, Format Version 12.00
# Visual Studio Version 16
VisualStudioVersion = 16.0.29215.179
MinimumVisualStudioVersion = 10.0.40219.1
Project("{FAE04EC0-301F-11D3-BF4B-00C04F79EFBC}") = "ShowcaseTest", "ShowcaseTest\ShowcaseTest.csproj", "{E5E73788-ACFE-46C3-85E5-4E89913083F6}"
EndProject
Global
	GlobalSection(SolutionConfigurationPlatforms) = preSolution
		Debug|Any CPU = Debug|Any CPU
		Release|Any CPU = Release|Any CPU
	EndGlobalSection
	GlobalSection(ProjectConfigurationPlatforms) = postSolution
		{E5E73788-ACFE-46C3-85E5-4E89913083F6}.Debug|Any CPU.ActiveCfg = Debug|Any CPU
		{E5E73788-ACFE-46C3-85E5-4E89913083F6}.Debug|Any CPU.Build.0 = Debug|Any CPU
		{E5E73788-ACFE-46C3-85E5-4E89913083F6}.Release|Any CPU.ActiveCfg = Release|Any CPU
		{E5E73788-ACFE-46C3-85E5-4E89913083F6}.Release|Any CPU.Build.0 = Release|Any CPU
	EndGlobalSection
	GlobalSection(SolutionProperties) = preSolution
		HideSolutionNode = FALSE
	EndGlobalSection
	GlobalSection(ExtensibilityGlobals) = postSolution
		SolutionGuid = {E170ADBB-324D-4F90-A2FC-71EDB3DDAA14}
	EndGlobalSection
EndGlobal
